
Microsoft Visual Studio Solution File, Format Version 12.00
# Visual Studio 14
VisualStudioVersion = 14.0.25420.1
MinimumVisualStudioVersion = 10.0.40219.1
Project("{2150E333-8FDC-42A3-9474-1A3956D46DE8}") = "Components", "Components", "{2A63CBA1-45C8-4DC9-AE9A-95FBDC05434A}"
EndProject
Project("{8BC9CEB8-8B4A-11D0-8D11-00A0C91BC942}") = "SME", "..\..\..\Components\SME\Project\SME.vcxproj", "{D112E091-DA3D-49CA-8182-8B8241EB8A9F}"
EndProject
Project("{8BC9CEB8-8B4A-11D0-8D11-00A0C91BC942}") = "Utilities", "..\..\..\Components\Utilities\Project\Utilities.vcxproj", "{B9551946-9E60-44BB-A517-2D42728429CE}"
EndProject
Project("{8BC9CEB8-8B4A-11D0-8D11-00A0C91BC942}") = "ResourceEngine", "..\..\..\Components\ResourceEngine\Project\ResourceEngine.vcxproj", "{9CB87B5D-EF88-49FE-8464-95B9A7311CDC}"
	ProjectSection(ProjectDependencies) = postProject
		{B9551946-9E60-44BB-A517-2D42728429CE} = {B9551946-9E60-44BB-A517-2D42728429CE}
		{D112E091-DA3D-49CA-8182-8B8241EB8A9F} = {D112E091-DA3D-49CA-8182-8B8241EB8A9F}
	EndProjectSection
EndProject
Project("{8BC9CEB8-8B4A-11D0-8D11-00A0C91BC942}") = "WindowSystem", "..\..\..\Components\WindowSystem\Project\WindowSystem.vcxproj", "{C30C030D-274E-48AB-9296-E3616732E9A0}"
	ProjectSection(ProjectDependencies) = postProject
		{B9551946-9E60-44BB-A517-2D42728429CE} = {B9551946-9E60-44BB-A517-2D42728429CE}
		{D112E091-DA3D-49CA-8182-8B8241EB8A9F} = {D112E091-DA3D-49CA-8182-8B8241EB8A9F}
	EndProjectSection
EndProject
Project("{2150E333-8FDC-42A3-9474-1A3956D46DE8}") = "Tests", "Tests", "{0187015D-E1BA-43A5-B580-C17A04F76EDC}"
EndProject
Project("{8BC9CEB8-8B4A-11D0-8D11-00A0C91BC942}") = "ResourceEngineTest", "..\..\..\Tests\ResourceEngineTest\Project\VS2013\ResourceEngineTest.vcxproj", "{542BD140-AE74-4DCD-8B6E-187863DE72F7}"
	ProjectSection(ProjectDependencies) = postProject
		{C30C030D-274E-48AB-9296-E3616732E9A0} = {C30C030D-274E-48AB-9296-E3616732E9A0}
		{B9551946-9E60-44BB-A517-2D42728429CE} = {B9551946-9E60-44BB-A517-2D42728429CE}
		{9CB87B5D-EF88-49FE-8464-95B9A7311CDC} = {9CB87B5D-EF88-49FE-8464-95B9A7311CDC}
		{D112E091-DA3D-49CA-8182-8B8241EB8A9F} = {D112E091-DA3D-49CA-8182-8B8241EB8A9F}
	EndProjectSection
EndProject
Project("{8BC9CEB8-8B4A-11D0-8D11-00A0C91BC942}") = "SMEUnitTesting", "..\..\..\Tests\SMEUnitTesting\Project\VS2013\SMEUnitTesting.vcxproj", "{D3D93424-6DC9-46DC-B76E-ECEA9AD7AC0A}"
	ProjectSection(ProjectDependencies) = postProject
		{D112E091-DA3D-49CA-8182-8B8241EB8A9F} = {D112E091-DA3D-49CA-8182-8B8241EB8A9F}
	EndProjectSection
EndProject
Project("{8BC9CEB8-8B4A-11D0-8D11-00A0C91BC942}") = "UtilitiesUnitTesting", "..\..\..\Tests\UtilitiesTest\Project\VS2013\UtilitiesTest.vcxproj", "{9B1B2BE2-9FF0-47FB-B97D-72E254D30F9A}"
EndProject
Project("{8BC9CEB8-8B4A-11D0-8D11-00A0C91BC942}") = "RenderEngine", "..\..\..\Components\RenderEngine\Project\RenderEngine.vcxproj", "{6AFA8397-6295-48C5-AFC9-7A5A71B5099F}"
EndProject
Project("{8BC9CEB8-8B4A-11D0-8D11-00A0C91BC942}") = "gtest", "..\..\..\..\Utilities\ThirdParty\gtest-1.7.0\msvc\gtest.vcxproj", "{C8F6C172-56F2-4E76-B5FA-C3B423B31BE7}"
EndProject
Project("{2150E333-8FDC-42A3-9474-1A3956D46DE8}") = "ThirdParty", "ThirdParty", "{A6627D60-643E-4219-8897-0EA74DA90247}"
EndProject
Global
	GlobalSection(SolutionConfigurationPlatforms) = preSolution
		Debug|Win32 = Debug|Win32
		Release|Win32 = Release|Win32
	EndGlobalSection
	GlobalSection(ProjectConfigurationPlatforms) = postSolution
		{D112E091-DA3D-49CA-8182-8B8241EB8A9F}.Debug|Win32.ActiveCfg = Debug|Win32
		{D112E091-DA3D-49CA-8182-8B8241EB8A9F}.Debug|Win32.Build.0 = Debug|Win32
		{D112E091-DA3D-49CA-8182-8B8241EB8A9F}.Release|Win32.ActiveCfg = Release|Win32
		{D112E091-DA3D-49CA-8182-8B8241EB8A9F}.Release|Win32.Build.0 = Release|Win32
		{B9551946-9E60-44BB-A517-2D42728429CE}.Debug|Win32.ActiveCfg = Debug|Win32
		{B9551946-9E60-44BB-A517-2D42728429CE}.Debug|Win32.Build.0 = Debug|Win32
		{B9551946-9E60-44BB-A517-2D42728429CE}.Release|Win32.ActiveCfg = Release|Win32
		{B9551946-9E60-44BB-A517-2D42728429CE}.Release|Win32.Build.0 = Release|Win32
		{9CB87B5D-EF88-49FE-8464-95B9A7311CDC}.Debug|Win32.ActiveCfg = Debug|Win32
		{9CB87B5D-EF88-49FE-8464-95B9A7311CDC}.Debug|Win32.Build.0 = Debug|Win32
		{9CB87B5D-EF88-49FE-8464-95B9A7311CDC}.Release|Win32.ActiveCfg = Release|Win32
		{9CB87B5D-EF88-49FE-8464-95B9A7311CDC}.Release|Win32.Build.0 = Release|Win32
		{C30C030D-274E-48AB-9296-E3616732E9A0}.Debug|Win32.ActiveCfg = Debug|Win32
		{C30C030D-274E-48AB-9296-E3616732E9A0}.Debug|Win32.Build.0 = Debug|Win32
		{C30C030D-274E-48AB-9296-E3616732E9A0}.Release|Win32.ActiveCfg = Release|Win32
		{C30C030D-274E-48AB-9296-E3616732E9A0}.Release|Win32.Build.0 = Release|Win32
		{542BD140-AE74-4DCD-8B6E-187863DE72F7}.Debug|Win32.ActiveCfg = Debug|Win32
		{542BD140-AE74-4DCD-8B6E-187863DE72F7}.Debug|Win32.Build.0 = Debug|Win32
		{542BD140-AE74-4DCD-8B6E-187863DE72F7}.Release|Win32.ActiveCfg = Release|Win32
		{542BD140-AE74-4DCD-8B6E-187863DE72F7}.Release|Win32.Build.0 = Release|Win32
		{D3D93424-6DC9-46DC-B76E-ECEA9AD7AC0A}.Debug|Win32.ActiveCfg = Debug|Win32
		{D3D93424-6DC9-46DC-B76E-ECEA9AD7AC0A}.Debug|Win32.Build.0 = Debug|Win32
		{D3D93424-6DC9-46DC-B76E-ECEA9AD7AC0A}.Release|Win32.ActiveCfg = Release|Win32
		{D3D93424-6DC9-46DC-B76E-ECEA9AD7AC0A}.Release|Win32.Build.0 = Release|Win32
		{9B1B2BE2-9FF0-47FB-B97D-72E254D30F9A}.Debug|Win32.ActiveCfg = Debug|Win32
		{9B1B2BE2-9FF0-47FB-B97D-72E254D30F9A}.Debug|Win32.Build.0 = Debug|Win32
		{9B1B2BE2-9FF0-47FB-B97D-72E254D30F9A}.Release|Win32.ActiveCfg = Release|Win32
		{9B1B2BE2-9FF0-47FB-B97D-72E254D30F9A}.Release|Win32.Build.0 = Release|Win32
		{6AFA8397-6295-48C5-AFC9-7A5A71B5099F}.Debug|Win32.ActiveCfg = Debug|Win32
		{6AFA8397-6295-48C5-AFC9-7A5A71B5099F}.Debug|Win32.Build.0 = Debug|Win32
		{6AFA8397-6295-48C5-AFC9-7A5A71B5099F}.Release|Win32.ActiveCfg = Release|Win32
		{6AFA8397-6295-48C5-AFC9-7A5A71B5099F}.Release|Win32.Build.0 = Release|Win32
		{C8F6C172-56F2-4E76-B5FA-C3B423B31BE7}.Debug|Win32.ActiveCfg = Debug|Win32
		{C8F6C172-56F2-4E76-B5FA-C3B423B31BE7}.Debug|Win32.Build.0 = Debug|Win32
		{C8F6C172-56F2-4E76-B5FA-C3B423B31BE7}.Release|Win32.ActiveCfg = Release|Win32
		{C8F6C172-56F2-4E76-B5FA-C3B423B31BE7}.Release|Win32.Build.0 = Release|Win32
	EndGlobalSection
	GlobalSection(SolutionProperties) = preSolution
		HideSolutionNode = FALSE
	EndGlobalSection
	GlobalSection(NestedProjects) = preSolution
		{D112E091-DA3D-49CA-8182-8B8241EB8A9F} = {2A63CBA1-45C8-4DC9-AE9A-95FBDC05434A}
		{B9551946-9E60-44BB-A517-2D42728429CE} = {2A63CBA1-45C8-4DC9-AE9A-95FBDC05434A}
		{9CB87B5D-EF88-49FE-8464-95B9A7311CDC} = {2A63CBA1-45C8-4DC9-AE9A-95FBDC05434A}
		{C30C030D-274E-48AB-9296-E3616732E9A0} = {2A63CBA1-45C8-4DC9-AE9A-95FBDC05434A}
		{542BD140-AE74-4DCD-8B6E-187863DE72F7} = {0187015D-E1BA-43A5-B580-C17A04F76EDC}
		{D3D93424-6DC9-46DC-B76E-ECEA9AD7AC0A} = {0187015D-E1BA-43A5-B580-C17A04F76EDC}
		{9B1B2BE2-9FF0-47FB-B97D-72E254D30F9A} = {0187015D-E1BA-43A5-B580-C17A04F76EDC}
		{6AFA8397-6295-48C5-AFC9-7A5A71B5099F} = {2A63CBA1-45C8-4DC9-AE9A-95FBDC05434A}
		{C8F6C172-56F2-4E76-B5FA-C3B423B31BE7} = {A6627D60-643E-4219-8897-0EA74DA90247}
	EndGlobalSection
EndGlobal
