<?xml version="1.0" encoding="utf-8"?>
<Project ToolsVersion="4.0" xmlns="http://schemas.microsoft.com/developer/msbuild/2003">
  <ItemGroup>
    <Filter Include="Classes">
      <UniqueIdentifier>{0e1f4801-775d-4dfd-83e4-1cdaf7440192}</UniqueIdentifier>
    </Filter>
    <Filter Include="Diagrams">
      <UniqueIdentifier>{af46ae95-e4ad-4b4a-9c01-648fd3efa1c1}</UniqueIdentifier>
    </Filter>
    <Filter Include="Classes\WIndow">
      <UniqueIdentifier>{d3a2a00d-b0a4-49ba-bab8-bb39cc69db58}</UniqueIdentifier>
    </Filter>
    <Filter Include="Classes\Render">
      <UniqueIdentifier>{1161a043-dbb4-4d13-9259-b0d9306721c4}</UniqueIdentifier>
    </Filter>
    <Filter Include="Classes\Render\Util">
      <UniqueIdentifier>{46d9f90c-227c-4575-8f6f-e5d1e99ce327}</UniqueIdentifier>
    </Filter>
    <Filter Include="Classes\Render\Shader">
      <UniqueIdentifier>{c79f32c2-4c09-452b-9060-059441842ab0}</UniqueIdentifier>
    </Filter>
    <Filter Include="Classes\Application">
      <UniqueIdentifier>{d668b7ee-7a92-4cca-ba97-fe6567095f97}</UniqueIdentifier>
    </Filter>
    <Filter Include="Resources">
      <UniqueIdentifier>{0149f707-8c3c-4ce7-858f-0e7f17198f5e}</UniqueIdentifier>
    </Filter>
    <Filter Include="Resources\Shaders">
      <UniqueIdentifier>{f50825e5-e622-441a-bb09-9812e5e0ded7}</UniqueIdentifier>
    </Filter>
    <Filter Include="Classes\Adapters">
      <UniqueIdentifier>{50fbbe51-e9e6-4132-ba90-29267db4ee1f}</UniqueIdentifier>
    </Filter>
    <Filter Include="Classes\Render\Renderable">
      <UniqueIdentifier>{06d1975b-0524-488a-98b0-79a0cdb957af}</UniqueIdentifier>
    </Filter>
    <Filter Include="Classes\Render\Renderable\Objects">
      <UniqueIdentifier>{923250be-bb6e-4fd3-9378-9898b745871a}</UniqueIdentifier>
    </Filter>
    <Filter Include="Classes\Render\Renderable\Mesh">
      <UniqueIdentifier>{3dee831f-aac8-452d-a719-0e602ebfb6d9}</UniqueIdentifier>
    </Filter>
    <Filter Include="Resources\Model">
      <UniqueIdentifier>{f9605106-376d-43f4-9c66-3f5902894eeb}</UniqueIdentifier>
    </Filter>
    <Filter Include="Resources\Model\Primitives">
      <UniqueIdentifier>{95c07d71-3b43-4b45-9391-ab8664907a53}</UniqueIdentifier>
    </Filter>
  </ItemGroup>
  <ItemGroup>
    <ClCompile Include="..\..\Source\Main.cpp" />
    <ClCompile Include="..\..\Source\Window.cpp">
      <Filter>Classes\WIndow</Filter>
    </ClCompile>
    <ClCompile Include="..\..\Source\GLUtil.cpp">
      <Filter>Classes\Render\Util</Filter>
    </ClCompile>
    <ClCompile Include="..\..\Source\Mesh.cpp">
      <Filter>Classes\Render\Renderable\Mesh</Filter>
    </ClCompile>
    <ClCompile Include="..\..\Source\ShaderProgram.cpp">
      <Filter>Classes\Render\Shader</Filter>
    </ClCompile>
    <ClCompile Include="..\..\Source\Application.cpp">
      <Filter>Classes\Application</Filter>
    </ClCompile>
    <ClCompile Include="..\..\Source\LoadShaderTest.cpp">
      <Filter>Classes\Adapters</Filter>
    </ClCompile>
    <ClCompile Include="..\..\Source\Triangle.cpp">
      <Filter>Classes\Render\Renderable\Objects</Filter>
    </ClCompile>
    <ClCompile Include="..\..\Source\GraphicsResourceAdapter.cpp">
      <Filter>Classes\Adapters</Filter>
    </ClCompile>
    <ClCompile Include="..\..\Source\IndexedMesh.cpp">
      <Filter>Classes\Render\Renderable\Mesh</Filter>
    </ClCompile>
  </ItemGroup>
  <ItemGroup>
    <ClInclude Include="..\..\Include\GLUtil.h">
      <Filter>Classes\Render\Util</Filter>
    </ClInclude>
    <ClInclude Include="..\..\Include\Mesh.h">
      <Filter>Classes\Render\Renderable\Mesh</Filter>
    </ClInclude>
    <ClInclude Include="..\..\Include\ShaderProgram.h">
      <Filter>Classes\Render\Shader</Filter>
    </ClInclude>
    <ClInclude Include="..\..\Include\Window.h">
      <Filter>Classes\WIndow</Filter>
    </ClInclude>
    <ClInclude Include="..\..\Include\Application.h">
      <Filter>Classes\Application</Filter>
    </ClInclude>
    <ClInclude Include="..\..\Include\LoadShaderTest.h">
      <Filter>Classes\Adapters</Filter>
    </ClInclude>
    <ClInclude Include="..\..\Include\Triangle.h">
      <Filter>Classes\Render\Renderable\Objects</Filter>
    </ClInclude>
    <ClInclude Include="..\..\Include\GraphicsResourceAdapter.h">
      <Filter>Classes\Adapters</Filter>
    </ClInclude>
    <ClInclude Include="..\..\Include\IRenderable.h">
      <Filter>Classes\Render\Renderable</Filter>
    </ClInclude>
    <ClInclude Include="..\..\Include\IndexedMesh.h">
      <Filter>Classes\Render\Renderable\Mesh</Filter>
    </ClInclude>
  </ItemGroup>
  <ItemGroup>
    <None Include="..\..\Resources\Shaders\simpleFragmentShader.fs">
      <Filter>Resources\Shaders</Filter>
    </None>
    <None Include="..\..\Resources\Shaders\simpleVertexShader.vs">
      <Filter>Resources\Shaders</Filter>
    </None>
    <None Include="packages.config" />
  </ItemGroup>
  <ItemGroup>
    <Object Include="..\..\Resources\Models\Primitives\Plane.obj">
      <Filter>Resources\Model\Primitives</Filter>
    </Object>
  </ItemGroup>
</Project>