<?xml version="1.0" encoding="utf-8"?>
<Project ToolsVersion="4.0" xmlns="http://schemas.microsoft.com/developer/msbuild/2003">
  <ItemGroup>
    <Filter Include="Classes">
      <UniqueIdentifier>{f5d255d0-e686-495c-847f-da7f86b4ae89}</UniqueIdentifier>
    </Filter>
  </ItemGroup>
  <ItemGroup>
    <ClInclude Include="..\Include\UtilitiesSetup.h">
      <Filter>Classes</Filter>
    </ClInclude>
  </ItemGroup>
</Project>