<?xml version="1.0" encoding="utf-8"?>
<Project ToolsVersion="4.0" xmlns="http://schemas.microsoft.com/developer/msbuild/2003">
  <ItemGroup>
    <Filter Include="Classes">
      <UniqueIdentifier>{f5d255d0-e686-495c-847f-da7f86b4ae89}</UniqueIdentifier>
    </Filter>
    <Filter Include="Classes\String">
      <UniqueIdentifier>{9790da1b-dc17-4184-963f-2e8a4f1f6065}</UniqueIdentifier>
    </Filter>
    <Filter Include="Classes\Memory">
      <UniqueIdentifier>{33c687b5-b8ca-4cda-acdd-5bc6b60f53aa}</UniqueIdentifier>
    </Filter>
    <Filter Include="Classes\Exception">
      <UniqueIdentifier>{d8546e82-82bf-46fb-bc71-57c68e349e60}</UniqueIdentifier>
    </Filter>
    <Filter Include="Classes\File">
      <UniqueIdentifier>{d9a3ef28-0964-42a6-813d-37c74703d3f7}</UniqueIdentifier>
    </Filter>
    <Filter Include="Classes\Timer">
      <UniqueIdentifier>{2d6ccc77-5aef-4efa-b0c9-476d91c5c627}</UniqueIdentifier>
    </Filter>
  </ItemGroup>
  <ItemGroup>
    <ClInclude Include="..\Include\UtilitiesSetup.h">
      <Filter>Classes</Filter>
    </ClInclude>
    <ClInclude Include="..\Include\String.h">
      <Filter>Classes\String</Filter>
    </ClInclude>
    <ClInclude Include="..\Include\Memory.hpp">
      <Filter>Classes\Memory</Filter>
    </ClInclude>
    <ClInclude Include="..\Include\BaseException.h">
      <Filter>Classes\Exception</Filter>
    </ClInclude>
    <ClInclude Include="..\Include\MethodNotImplementedException.h">
      <Filter>Classes\Exception</Filter>
    </ClInclude>
    <ClInclude Include="..\Include\FileNotFoundException.h">
      <Filter>Classes\Exception</Filter>
    </ClInclude>
    <ClInclude Include="..\Include\File.h">
      <Filter>Classes\File</Filter>
    </ClInclude>
    <ClInclude Include="..\Include\Timer.h">
      <Filter>Classes\Timer</Filter>
    </ClInclude>
  </ItemGroup>
  <ItemGroup>
    <ClCompile Include="..\Source\String.cpp">
      <Filter>Classes\String</Filter>
    </ClCompile>
    <ClCompile Include="..\Source\BaseException.cpp">
      <Filter>Classes\Exception</Filter>
    </ClCompile>
    <ClCompile Include="..\Source\MethodNotImplementedException.cpp">
      <Filter>Classes\Exception</Filter>
    </ClCompile>
    <ClCompile Include="..\Source\FileNotFoundException.cpp">
      <Filter>Classes\Exception</Filter>
    </ClCompile>
    <ClCompile Include="..\Source\File.cpp">
      <Filter>Classes\File</Filter>
    </ClCompile>
    <ClCompile Include="..\Source\Timer.cpp">
      <Filter>Classes\Timer</Filter>
    </ClCompile>
  </ItemGroup>
</Project>