<?xml version="1.0" encoding="utf-8"?>
<Project ToolsVersion="4.0" xmlns="http://schemas.microsoft.com/developer/msbuild/2003">
  <ItemGroup>
    <Filter Include="Diagrams">
      <UniqueIdentifier>{8a3cbbf7-250c-4521-b110-eec47be32e3e}</UniqueIdentifier>
    </Filter>
    <Filter Include="Source">
      <UniqueIdentifier>{e2bbaf8c-b5c2-485f-8dd0-cd3d172c227a}</UniqueIdentifier>
    </Filter>
    <Filter Include="Source\Input">
      <UniqueIdentifier>{c7cc16b3-ac75-43af-b87f-dfa335fc35d6}</UniqueIdentifier>
    </Filter>
    <Filter Include="Source\Input\Mouse">
      <UniqueIdentifier>{15cc6bea-efa3-40d1-a631-8c482112a10e}</UniqueIdentifier>
    </Filter>
    <Filter Include="Source\Window">
      <UniqueIdentifier>{c7734959-a29f-44b9-b339-6ec59e63ccc4}</UniqueIdentifier>
    </Filter>
    <Filter Include="Source\Window\Factory">
      <UniqueIdentifier>{45fcc1b3-8420-4c9c-a747-c6306c35c4ec}</UniqueIdentifier>
    </Filter>
    <Filter Include="Source\GLFW">
      <UniqueIdentifier>{100cb724-fab7-4913-b6cd-202931b1f161}</UniqueIdentifier>
    </Filter>
    <Filter Include="Source\GLFW\Window">
      <UniqueIdentifier>{3df954f4-6d25-4043-b300-8f070165d56c}</UniqueIdentifier>
    </Filter>
    <Filter Include="Source\GLFW\Window\Factory">
      <UniqueIdentifier>{55f80896-e836-41cd-8644-824694447fd2}</UniqueIdentifier>
    </Filter>
  </ItemGroup>
  <ItemGroup>
    <ClInclude Include="..\Include\WindowSystemSetup.h" />
    <ClInclude Include="..\Include\IInputDevice.h">
      <Filter>Source\Input</Filter>
    </ClInclude>
    <ClInclude Include="..\Include\IInputEvent.h">
      <Filter>Source\Input</Filter>
    </ClInclude>
    <ClInclude Include="..\Include\IInputListener.h">
      <Filter>Source\Input</Filter>
    </ClInclude>
    <ClInclude Include="..\Include\IInputEventArgument.h">
      <Filter>Source\Input</Filter>
    </ClInclude>
    <ClInclude Include="..\Include\MouseInputDevice.h">
      <Filter>Source\Input\Mouse</Filter>
    </ClInclude>
    <ClInclude Include="..\Include\IMouseInputDeviceImplementation.h">
      <Filter>Source\Input\Mouse</Filter>
    </ClInclude>
    <ClInclude Include="..\Include\MouseButton.h">
      <Filter>Source\Input\Mouse</Filter>
    </ClInclude>
    <ClInclude Include="..\Include\Window.hpp">
      <Filter>Source\Window</Filter>
    </ClInclude>
    <ClInclude Include="..\Include\IWindowFactory.h">
      <Filter>Source\Window\Factory</Filter>
    </ClInclude>
    <ClInclude Include="..\Include\glfw\Window.h">
      <Filter>Source\GLFW\Window</Filter>
    </ClInclude>
    <ClInclude Include="..\Include\glfw\WindowFactory.h">
      <Filter>Source\GLFW\Window\Factory</Filter>
    </ClInclude>
  </ItemGroup>
  <ItemGroup>
    <ClCompile Include="..\Source\MouseInputDevice.cpp">
      <Filter>Source\Input\Mouse</Filter>
    </ClCompile>
    <ClCompile Include="..\Source\glfw\Window.cpp">
      <Filter>Source\GLFW\Window</Filter>
    </ClCompile>
    <ClCompile Include="..\Source\glfw\WindowFactory.cpp">
      <Filter>Source\GLFW\Window\Factory</Filter>
    </ClCompile>
  </ItemGroup>
</Project>