<?xml version="1.0" encoding="utf-8"?>
<Project ToolsVersion="4.0" xmlns="http://schemas.microsoft.com/developer/msbuild/2003">
  <ItemGroup>
    <Filter Include="Diagrams">
      <UniqueIdentifier>{8a3cbbf7-250c-4521-b110-eec47be32e3e}</UniqueIdentifier>
    </Filter>
    <Filter Include="Source">
      <UniqueIdentifier>{e2bbaf8c-b5c2-485f-8dd0-cd3d172c227a}</UniqueIdentifier>
    </Filter>
    <Filter Include="Source\Input">
      <UniqueIdentifier>{c7cc16b3-ac75-43af-b87f-dfa335fc35d6}</UniqueIdentifier>
    </Filter>
  </ItemGroup>
  <ItemGroup>
    <ClInclude Include="..\Include\WindowSystemSetup.h" />
    <ClInclude Include="..\Include\IInputDevice.h">
      <Filter>Source\Input</Filter>
    </ClInclude>
    <ClInclude Include="..\Include\IInputEvent.h">
      <Filter>Source\Input</Filter>
    </ClInclude>
    <ClInclude Include="..\Include\IInputListener.h">
      <Filter>Source\Input</Filter>
    </ClInclude>
    <ClInclude Include="..\Include\IInputEventArgument.h">
      <Filter>Source\Input</Filter>
    </ClInclude>
  </ItemGroup>
</Project>