<?xml version="1.0" encoding="utf-8"?>
<Project ToolsVersion="4.0" xmlns="http://schemas.microsoft.com/developer/msbuild/2003">
  <ItemGroup>
    <Filter Include="Classes">
      <UniqueIdentifier>{f5d255d0-e686-495c-847f-da7f86b4ae89}</UniqueIdentifier>
    </Filter>
    <Filter Include="Classes\Data">
      <UniqueIdentifier>{c91f544e-8fc1-45b0-889c-c7739f2affde}</UniqueIdentifier>
    </Filter>
    <Filter Include="Classes\Loader">
      <UniqueIdentifier>{8a961c94-92e5-4259-89be-023932cda414}</UniqueIdentifier>
    </Filter>
  </ItemGroup>
  <ItemGroup>
    <ClInclude Include="..\Include\ResourceEngineSetup.h">
      <Filter>Classes</Filter>
    </ClInclude>
    <ClInclude Include="..\Include\Resource.h">
      <Filter>Classes</Filter>
    </ClInclude>
    <ClInclude Include="..\Include\IResourceData.h">
      <Filter>Classes\Data</Filter>
    </ClInclude>
    <ClInclude Include="..\Include\ResourceHandle.h">
      <Filter>Classes</Filter>
    </ClInclude>
  </ItemGroup>
  <ItemGroup>
    <ClCompile Include="..\Source\Resource.cpp">
      <Filter>Classes</Filter>
    </ClCompile>
    <ClCompile Include="..\Source\ResourceHandle.cpp">
      <Filter>Classes</Filter>
    </ClCompile>
    <ClCompile Include="..\Include\IResourceLoader.h">
      <Filter>Classes\Loader</Filter>
    </ClCompile>
  </ItemGroup>
</Project>