<?xml version="1.0" encoding="utf-8"?>
<Project ToolsVersion="4.0" xmlns="http://schemas.microsoft.com/developer/msbuild/2003">
  <ItemGroup>
    <Filter Include="Classes">
      <UniqueIdentifier>{f5d255d0-e686-495c-847f-da7f86b4ae89}</UniqueIdentifier>
    </Filter>
    <Filter Include="Classes\Data">
      <UniqueIdentifier>{c91f544e-8fc1-45b0-889c-c7739f2affde}</UniqueIdentifier>
    </Filter>
    <Filter Include="Classes\Loader">
      <UniqueIdentifier>{8a961c94-92e5-4259-89be-023932cda414}</UniqueIdentifier>
    </Filter>
    <Filter Include="Classes\Data\Graphics">
      <UniqueIdentifier>{b3c37d71-3355-4e33-9230-74d32eaaca16}</UniqueIdentifier>
    </Filter>
    <Filter Include="Classes\Data\Graphics\Shader">
      <UniqueIdentifier>{abbe8678-9370-421e-b091-f56d0efb76b7}</UniqueIdentifier>
    </Filter>
    <Filter Include="Classes\Loader\Offline">
      <UniqueIdentifier>{8a435e8b-d161-427a-a2b4-16ad60de0b01}</UniqueIdentifier>
    </Filter>
    <Filter Include="Classes\Loader\Offline\Graphics">
      <UniqueIdentifier>{37d64e4a-aae7-4cee-a5b8-785fe4b1c041}</UniqueIdentifier>
    </Filter>
    <Filter Include="Classes\Loader\Offline\Graphics\Shader">
      <UniqueIdentifier>{fafc3295-1bb3-45dd-9885-9fe07bc8b493}</UniqueIdentifier>
    </Filter>
    <Filter Include="Classes\Data\Graphics\Image">
      <UniqueIdentifier>{4e0acb17-c390-4e68-8373-a47bd6d8107b}</UniqueIdentifier>
    </Filter>
    <Filter Include="Classes\Loader\Offline\Graphics\Image">
      <UniqueIdentifier>{6026ab35-0d7f-4f8a-94cc-9fc52dcdc526}</UniqueIdentifier>
    </Filter>
    <Filter Include="Classes\Data\Graphics\Material">
      <UniqueIdentifier>{33b5ce55-0de4-4798-a9cd-4b5ebdf1f5f2}</UniqueIdentifier>
    </Filter>
    <Filter Include="Classes\Data\Graphics\Mesh">
      <UniqueIdentifier>{ab5e3402-7387-4ea5-814a-26c4845faf8d}</UniqueIdentifier>
    </Filter>
    <Filter Include="Classes\Loader\Offline\Graphics\GraphicModel">
      <UniqueIdentifier>{be1904e3-c882-493b-bb19-c6bb4a4062da}</UniqueIdentifier>
    </Filter>
    <Filter Include="Classes\Resource">
      <UniqueIdentifier>{f75f15cf-0b43-4b24-a1d0-d6f2d3078ec9}</UniqueIdentifier>
    </Filter>
    <Filter Include="Classes\Cache">
      <UniqueIdentifier>{814be147-5de2-4253-9a6e-1fce2a1ee720}</UniqueIdentifier>
    </Filter>
    <Filter Include="Classes\Exception">
      <UniqueIdentifier>{6650fb41-31ea-4268-9137-3cd7a1fc33d0}</UniqueIdentifier>
    </Filter>
  </ItemGroup>
  <ItemGroup>
    <ClInclude Include="..\Include\ResourceEngineSetup.h">
      <Filter>Classes</Filter>
    </ClInclude>
    <ClInclude Include="..\Include\IResourceData.h">
      <Filter>Classes\Data</Filter>
    </ClInclude>
    <ClInclude Include="..\Include\GLSLResourceData.h">
      <Filter>Classes\Data\Graphics\Shader</Filter>
    </ClInclude>
    <ClInclude Include="..\Include\GLSLResourceLoader.h">
      <Filter>Classes\Loader\Offline\Graphics\Shader</Filter>
    </ClInclude>
    <ClInclude Include="..\Include\ImageResourceData.h">
      <Filter>Classes\Data\Graphics\Image</Filter>
    </ClInclude>
    <ClInclude Include="..\Include\ImageResourceLoader.h">
      <Filter>Classes\Loader\Offline\Graphics\Image</Filter>
    </ClInclude>
    <ClInclude Include="..\Include\TypesExport.h">
      <Filter>Classes</Filter>
    </ClInclude>
    <ClInclude Include="..\Include\MaterialResourceData.h">
      <Filter>Classes\Data\Graphics\Material</Filter>
    </ClInclude>
    <ClInclude Include="..\Include\MeshNodeResourceData.h">
      <Filter>Classes\Data\Graphics\Mesh</Filter>
    </ClInclude>
    <ClInclude Include="..\Include\MeshResourceData.h">
      <Filter>Classes\Data\Graphics\Mesh</Filter>
    </ClInclude>
    <ClInclude Include="..\Include\GraphicModelResourceData.h">
      <Filter>Classes\Data\Graphics</Filter>
    </ClInclude>
    <ClInclude Include="..\Include\GraphicModelResourceLoader.h">
      <Filter>Classes\Loader\Offline\Graphics\GraphicModel</Filter>
    </ClInclude>
    <ClInclude Include="..\Include\IResourceObserver.h">
      <Filter>Classes\Resource</Filter>
    </ClInclude>
    <ClInclude Include="..\Include\ResourceHandle.h">
      <Filter>Classes\Resource</Filter>
    </ClInclude>
    <ClInclude Include="..\Include\Resource.h">
      <Filter>Classes\Resource</Filter>
    </ClInclude>
    <ClInclude Include="..\Include\ResourceCache.h">
      <Filter>Classes\Cache</Filter>
    </ClInclude>
    <ClInclude Include="..\Include\ResourceLoaderNotFoundException.h">
      <Filter>Classes\Exception</Filter>
    </ClInclude>
    <ClInclude Include="..\Include\ResourceCacheOutOfMemoryException.h">
      <Filter>Classes\Exception</Filter>
    </ClInclude>
  </ItemGroup>
  <ItemGroup>
    <ClCompile Include="..\Include\IResourceLoader.h">
      <Filter>Classes\Loader</Filter>
    </ClCompile>
    <ClCompile Include="..\Source\GLSLResourceData.cpp">
      <Filter>Classes\Data\Graphics\Shader</Filter>
    </ClCompile>
    <ClCompile Include="..\Source\GLSLResourceLoader.cpp">
      <Filter>Classes\Loader\Offline\Graphics\Shader</Filter>
    </ClCompile>
    <ClCompile Include="..\Source\ImageResourceData.cpp">
      <Filter>Classes\Data\Graphics\Image</Filter>
    </ClCompile>
    <ClCompile Include="..\Source\ImageResourceLoader.cpp">
      <Filter>Classes\Loader\Offline\Graphics\Image</Filter>
    </ClCompile>
    <ClCompile Include="..\Source\MaterialResourceData.cpp">
      <Filter>Classes\Data\Graphics\Material</Filter>
    </ClCompile>
    <ClCompile Include="..\Source\MeshNodeResourceData.cpp">
      <Filter>Classes\Data\Graphics\Mesh</Filter>
    </ClCompile>
    <ClCompile Include="..\Source\MeshResourceData.cpp">
      <Filter>Classes\Data\Graphics\Mesh</Filter>
    </ClCompile>
    <ClCompile Include="..\Source\GraphicModelResourceData.cpp">
      <Filter>Classes\Data\Graphics</Filter>
    </ClCompile>
    <ClCompile Include="..\Source\GraphicModelResourceLoader.cpp">
      <Filter>Classes\Loader\Offline\Graphics\GraphicModel</Filter>
    </ClCompile>
    <ClCompile Include="..\Source\ResourceHandle.cpp">
      <Filter>Classes\Resource</Filter>
    </ClCompile>
    <ClCompile Include="..\Source\Resource.cpp">
      <Filter>Classes\Resource</Filter>
    </ClCompile>
    <ClCompile Include="..\Source\ResourceLoaderNotFoundException.cpp">
      <Filter>Classes\Exception</Filter>
    </ClCompile>
    <ClCompile Include="..\Source\ResourceCacheOutOfMemoryException.cpp">
      <Filter>Classes\Exception</Filter>
    </ClCompile>
    <ClCompile Include="..\Source\ResourceCache.cpp">
      <Filter>Classes\Cache</Filter>
    </ClCompile>
  </ItemGroup>
</Project>